
Microsoft Visual Studio Solution File, Format Version 11.00
# Visual C# Express 2010
Project("{FAE04EC0-301F-11D3-BF4B-00C04F79EFBC}") = "ListExamples", "ListExamples\ListExamples.csproj", "{4126E52B-C74C-4290-8545-75AF85289D50}"
EndProject
Project("{FAE04EC0-301F-11D3-BF4B-00C04F79EFBC}") = "HashSetExamples", "HashSetExamples\HashSetExamples.csproj", "{C35A227E-2922-4589-A382-C77EF9614112}"
EndProject
Project("{FAE04EC0-301F-11D3-BF4B-00C04F79EFBC}") = "QueueExamples", "QueueExamples\QueueExamples.csproj", "{3C0CFB54-698D-46EB-BD9E-CFBE3A6F2B80}"
EndProject
Project("{FAE04EC0-301F-11D3-BF4B-00C04F79EFBC}") = "DictionaryExamples", "DictionaryExamples\DictionaryExamples.csproj", "{E4998FC6-BD73-46C2-B93B-C2DC206B3B6E}"
EndProject
Global
	GlobalSection(SolutionConfigurationPlatforms) = preSolution
		Debug|x86 = Debug|x86
		Release|x86 = Release|x86
	EndGlobalSection
	GlobalSection(ProjectConfigurationPlatforms) = postSolution
		{4126E52B-C74C-4290-8545-75AF85289D50}.Debug|x86.ActiveCfg = Debug|x86
		{4126E52B-C74C-4290-8545-75AF85289D50}.Debug|x86.Build.0 = Debug|x86
		{4126E52B-C74C-4290-8545-75AF85289D50}.Release|x86.ActiveCfg = Release|x86
		{4126E52B-C74C-4290-8545-75AF85289D50}.Release|x86.Build.0 = Release|x86
		{C35A227E-2922-4589-A382-C77EF9614112}.Debug|x86.ActiveCfg = Debug|x86
		{C35A227E-2922-4589-A382-C77EF9614112}.Debug|x86.Build.0 = Debug|x86
		{C35A227E-2922-4589-A382-C77EF9614112}.Release|x86.ActiveCfg = Release|x86
		{C35A227E-2922-4589-A382-C77EF9614112}.Release|x86.Build.0 = Release|x86
		{3C0CFB54-698D-46EB-BD9E-CFBE3A6F2B80}.Debug|x86.ActiveCfg = Debug|x86
		{3C0CFB54-698D-46EB-BD9E-CFBE3A6F2B80}.Debug|x86.Build.0 = Debug|x86
		{3C0CFB54-698D-46EB-BD9E-CFBE3A6F2B80}.Release|x86.ActiveCfg = Release|x86
		{3C0CFB54-698D-46EB-BD9E-CFBE3A6F2B80}.Release|x86.Build.0 = Release|x86
		{E4998FC6-BD73-46C2-B93B-C2DC206B3B6E}.Debug|x86.ActiveCfg = Debug|x86
		{E4998FC6-BD73-46C2-B93B-C2DC206B3B6E}.Debug|x86.Build.0 = Debug|x86
		{E4998FC6-BD73-46C2-B93B-C2DC206B3B6E}.Release|x86.ActiveCfg = Release|x86
		{E4998FC6-BD73-46C2-B93B-C2DC206B3B6E}.Release|x86.Build.0 = Release|x86
	EndGlobalSection
	GlobalSection(SolutionProperties) = preSolution
		HideSolutionNode = FALSE
	EndGlobalSection
EndGlobal
